<?xml version="1.0" encoding="utf-8"?>
<Project ToolsVersion="4.0" xmlns="http://schemas.microsoft.com/developer/msbuild/2003">
  <ItemGroup>
    <ClCompile Include="src\Collision.cpp">
      <Filter>Physics</Filter>
    </ClCompile>
    <ClCompile Include="src\Application.cpp">
      <Filter>Application</Filter>
    </ClCompile>
    <ClCompile Include="src\Camera.cpp">
      <Filter>Application</Filter>
    </ClCompile>
    <ClCompile Include="src\Gizmos.cpp">
      <Filter>Application</Filter>
    </ClCompile>
    <ClCompile Include="src\gl_core_4_4.c">
      <Filter>Application</Filter>
    </ClCompile>
    <ClCompile Include="src\main.cpp">
      <Filter>Application</Filter>
    </ClCompile>
    <ClCompile Include="src\ParticleEmitter.cpp">
      <Filter>Application</Filter>
    </ClCompile>
    <ClCompile Include="src\ParticleFluidEmitter.cpp">
      <Filter>Application</Filter>
    </ClCompile>
    <ClCompile Include="src\PhysicsApplication.cpp">
      <Filter>Physics</Filter>
    </ClCompile>
    <ClCompile Include="src\PhysicsObject.cpp">
      <Filter>Physics</Filter>
    </ClCompile>
    <ClCompile Include="src\PhysicsScene.cpp">
      <Filter>Physics</Filter>
    </ClCompile>
    <ClCompile Include="src\Renderer.cpp">
      <Filter>Application</Filter>
    </ClCompile>
    <ClCompile Include="src\RigidBody.cpp">
      <Filter>Physics</Filter>
    </ClCompile>
    <ClCompile Include="src\PhysXScene.cpp">
      <Filter>Physics</Filter>
    </ClCompile>
    <ClCompile Include="src\BasePhysicsScene.cpp">
      <Filter>Physics</Filter>
    </ClCompile>
  </ItemGroup>
  <ItemGroup>
    <ClInclude Include="src\Collision.h">
      <Filter>Physics</Filter>
    </ClInclude>
    <ClInclude Include="src\Application.h">
      <Filter>Application</Filter>
    </ClInclude>
    <ClInclude Include="src\Camera.h">
      <Filter>Application</Filter>
    </ClInclude>
    <ClInclude Include="src\Gizmos.h">
      <Filter>Application</Filter>
    </ClInclude>
    <ClInclude Include="src\gl_core_4_4.h">
      <Filter>Application</Filter>
    </ClInclude>
    <ClInclude Include="src\ParticleEmitter.h">
      <Filter>Application</Filter>
    </ClInclude>
    <ClInclude Include="src\ParticleFluidEmitter.h">
      <Filter>Application</Filter>
    </ClInclude>
    <ClInclude Include="src\PhysicsApplication.h">
      <Filter>Physics</Filter>
    </ClInclude>
    <ClInclude Include="src\PhysicsObject.h">
      <Filter>Physics</Filter>
    </ClInclude>
    <ClInclude Include="src\PhysicsScene.h">
      <Filter>Physics</Filter>
    </ClInclude>
    <ClInclude Include="src\Render.h">
      <Filter>Application</Filter>
    </ClInclude>
    <ClInclude Include="src\RigidBody.h">
      <Filter>Physics</Filter>
    </ClInclude>
    <ClInclude Include="src\Shapes.h">
      <Filter>Physics</Filter>
    </ClInclude>
    <ClInclude Include="src\stb_image.h">
      <Filter>Application</Filter>
    </ClInclude>
    <ClInclude Include="src\tiny_obj_loader.h">
      <Filter>Application</Filter>
    </ClInclude>
    <ClInclude Include="src\PhysXScene.h">
      <Filter>Physics</Filter>
    </ClInclude>
    <ClInclude Include="src\BasePhysicsScene.h">
      <Filter>Physics</Filter>
    </ClInclude>
  </ItemGroup>
  <ItemGroup>
    <Filter Include="Physics">
      <UniqueIdentifier>{029335d0-b197-4341-b312-0ee746274ecd}</UniqueIdentifier>
    </Filter>
    <Filter Include="Application">
      <UniqueIdentifier>{c5a52720-d0a0-4139-b2e9-ddc9bc5290f3}</UniqueIdentifier>
    </Filter>
  </ItemGroup>
</Project>